{
  "name": "Lab",
  "lockfileVersion": 3,
  "requires": true,
  "packages": {
    "": {
      "dependencies": {
        "@types/arcgis-js-api": "^4.28.0"
      }
    },
    "node_modules/@types/arcgis-js-api": {
      "version": "4.28.0",
      "resolved": "https://registry.npmjs.org/@types/arcgis-js-api/-/arcgis-js-api-4.28.0.tgz",
      "integrity": "sha512-BYNaT12l3T2GQ+Bj7jbMUhe1K6CaCSMj/uaAOmZYwV/FaR8wJ8UBYwdEaX6oFus7oHgLX0NcbfTrj4TgUcGSpg==",
      "deprecated": "This is a stub types definition. arcgis-js-api provides its own type definitions, so you do not need this installed.",
      "dependencies": {
        "arcgis-js-api": "*"
      }
    },
    "node_modules/arcgis-js-api": {
      "version": "4.29.10",
      "resolved": "https://registry.npmjs.org/arcgis-js-api/-/arcgis-js-api-4.29.10.tgz",
      "integrity": "sha512-utN/69Dp5GLz2spbFRnVxlD090vVIi8pU+OdKK5jwrjxIJVpL/dTvGCj2cjmsRoZIAD8NAQTvtUmsl+D8MIPWQ=="
    }
  }
}
